
Microsoft Visual Studio Solution File, Format Version 12.00
# Visual Studio Version 16
VisualStudioVersion = 16.0.809.1
MinimumVisualStudioVersion = 10.0.40219.1
Project("{9A19103F-16F7-4668-BE54-9A1E7A4F7556}") = "DataAccess", "DataAccess\DataAccess.csproj", "{280A44D3-489D-4CCD-BF1E-162E116996D4}"
EndProject
Project("{9A19103F-16F7-4668-BE54-9A1E7A4F7556}") = "Business", "Business\Business.csproj", "{D72C6436-18E2-41EC-AE1B-91158397A685}"
EndProject
Project("{9A19103F-16F7-4668-BE54-9A1E7A4F7556}") = "Entities", "Entities\Entities.csproj", "{B93E6AE2-4B0C-4399-A287-7D42CD7CFE40}"
EndProject
Project("{9A19103F-16F7-4668-BE54-9A1E7A4F7556}") = "Core", "Core\Core.csproj", "{F026CA18-5BA1-4F34-A148-576B022D6A4C}"
EndProject
Project("{9A19103F-16F7-4668-BE54-9A1E7A4F7556}") = "WebAPI", "WebAPI\WebAPI.csproj", "{CE230C41-7AE3-456F-8565-46E9F1EFF197}"
EndProject
Global
	GlobalSection(SolutionConfigurationPlatforms) = preSolution
		Debug|Any CPU = Debug|Any CPU
		Release|Any CPU = Release|Any CPU
	EndGlobalSection
	GlobalSection(ProjectConfigurationPlatforms) = postSolution
		{280A44D3-489D-4CCD-BF1E-162E116996D4}.Debug|Any CPU.ActiveCfg = Debug|Any CPU
		{280A44D3-489D-4CCD-BF1E-162E116996D4}.Debug|Any CPU.Build.0 = Debug|Any CPU
		{280A44D3-489D-4CCD-BF1E-162E116996D4}.Release|Any CPU.ActiveCfg = Release|Any CPU
		{280A44D3-489D-4CCD-BF1E-162E116996D4}.Release|Any CPU.Build.0 = Release|Any CPU
		{D72C6436-18E2-41EC-AE1B-91158397A685}.Debug|Any CPU.ActiveCfg = Debug|Any CPU
		{D72C6436-18E2-41EC-AE1B-91158397A685}.Debug|Any CPU.Build.0 = Debug|Any CPU
		{D72C6436-18E2-41EC-AE1B-91158397A685}.Release|Any CPU.ActiveCfg = Release|Any CPU
		{D72C6436-18E2-41EC-AE1B-91158397A685}.Release|Any CPU.Build.0 = Release|Any CPU
		{B93E6AE2-4B0C-4399-A287-7D42CD7CFE40}.Debug|Any CPU.ActiveCfg = Debug|Any CPU
		{B93E6AE2-4B0C-4399-A287-7D42CD7CFE40}.Debug|Any CPU.Build.0 = Debug|Any CPU
		{B93E6AE2-4B0C-4399-A287-7D42CD7CFE40}.Release|Any CPU.ActiveCfg = Release|Any CPU
		{B93E6AE2-4B0C-4399-A287-7D42CD7CFE40}.Release|Any CPU.Build.0 = Release|Any CPU
		{F026CA18-5BA1-4F34-A148-576B022D6A4C}.Debug|Any CPU.ActiveCfg = Debug|Any CPU
		{F026CA18-5BA1-4F34-A148-576B022D6A4C}.Debug|Any CPU.Build.0 = Debug|Any CPU
		{F026CA18-5BA1-4F34-A148-576B022D6A4C}.Release|Any CPU.ActiveCfg = Release|Any CPU
		{F026CA18-5BA1-4F34-A148-576B022D6A4C}.Release|Any CPU.Build.0 = Release|Any CPU
		{CE230C41-7AE3-456F-8565-46E9F1EFF197}.Debug|Any CPU.ActiveCfg = Debug|Any CPU
		{CE230C41-7AE3-456F-8565-46E9F1EFF197}.Debug|Any CPU.Build.0 = Debug|Any CPU
		{CE230C41-7AE3-456F-8565-46E9F1EFF197}.Release|Any CPU.ActiveCfg = Release|Any CPU
		{CE230C41-7AE3-456F-8565-46E9F1EFF197}.Release|Any CPU.Build.0 = Release|Any CPU
	EndGlobalSection
	GlobalSection(SolutionProperties) = preSolution
		HideSolutionNode = FALSE
	EndGlobalSection
	GlobalSection(ExtensibilityGlobals) = postSolution
		SolutionGuid = {AEF97311-9CE4-4E6B-9FAB-4B05A052FC74}
	EndGlobalSection
EndGlobal
